// !$*UTF8*$!
{
	archiveVersion = 1;
	classes = {
	};
	objectVersion = 56;
	objects = {

/* Begin PBXBuildFile section */
		EFA075CA2C8D483800D45FE4 /* NoItemView.swift in Sources */ = {isa = PBXBuildFile; fileRef = EFA075C92C8D483800D45FE4 /* NoItemView.swift */; };
		EFA075CF2C8D5C8500D45FE4 /* LaunchScreen.storyboard in Resources */ = {isa = PBXBuildFile; fileRef = EFA075CE2C8D5C8500D45FE4 /* LaunchScreen.storyboard */; };
		EFFD1E952C87F0AA00F4669C /* Todo_List_AppApp.swift in Sources */ = {isa = PBXBuildFile; fileRef = EFFD1E942C87F0AA00F4669C /* Todo_List_AppApp.swift */; };
		EFFD1E992C87F0AB00F4669C /* Assets.xcassets in Resources */ = {isa = PBXBuildFile; fileRef = EFFD1E982C87F0AB00F4669C /* Assets.xcassets */; };
		EFFD1E9C2C87F0AB00F4669C /* Preview Assets.xcassets in Resources */ = {isa = PBXBuildFile; fileRef = EFFD1E9B2C87F0AB00F4669C /* Preview Assets.xcassets */; };
		EFFD1EA62C87F42800F4669C /* ListView.swift in Sources */ = {isa = PBXBuildFile; fileRef = EFFD1EA52C87F42800F4669C /* ListView.swift */; };
		EFFD1EA82C87F58500F4669C /* ListRowView.swift in Sources */ = {isa = PBXBuildFile; fileRef = EFFD1EA72C87F58500F4669C /* ListRowView.swift */; };
		EFFD1EAA2C87F7A900F4669C /* AddItemView.swift in Sources */ = {isa = PBXBuildFile; fileRef = EFFD1EA92C87F7A900F4669C /* AddItemView.swift */; };
		EFFD1EAC2C87FD7200F4669C /* ItemModel.swift in Sources */ = {isa = PBXBuildFile; fileRef = EFFD1EAB2C87FD7200F4669C /* ItemModel.swift */; };
		EFFD1EAE2C8804CF00F4669C /* ListViewModel.swift in Sources */ = {isa = PBXBuildFile; fileRef = EFFD1EAD2C8804CF00F4669C /* ListViewModel.swift */; };
/* End PBXBuildFile section */

/* Begin PBXFileReference section */
		EFA075C92C8D483800D45FE4 /* NoItemView.swift */ = {isa = PBXFileReference; lastKnownFileType = sourcecode.swift; path = NoItemView.swift; sourceTree = "<group>"; };
		EFA075CB2C8D58CA00D45FE4 /* Todo-List-App-Info.plist */ = {isa = PBXFileReference; lastKnownFileType = text.plist; path = "Todo-List-App-Info.plist"; sourceTree = SOURCE_ROOT; };
		EFA075CE2C8D5C8500D45FE4 /* LaunchScreen.storyboard */ = {isa = PBXFileReference; lastKnownFileType = file.storyboard; path = LaunchScreen.storyboard; sourceTree = "<group>"; };
		EFFD1E912C87F0AA00F4669C /* Todo List App.app */ = {isa = PBXFileReference; explicitFileType = wrapper.application; includeInIndex = 0; path = "Todo List App.app"; sourceTree = BUILT_PRODUCTS_DIR; };
		EFFD1E942C87F0AA00F4669C /* Todo_List_AppApp.swift */ = {isa = PBXFileReference; lastKnownFileType = sourcecode.swift; path = Todo_List_AppApp.swift; sourceTree = "<group>"; };
		EFFD1E982C87F0AB00F4669C /* Assets.xcassets */ = {isa = PBXFileReference; lastKnownFileType = folder.assetcatalog; path = Assets.xcassets; sourceTree = "<group>"; };
		EFFD1E9B2C87F0AB00F4669C /* Preview Assets.xcassets */ = {isa = PBXFileReference; lastKnownFileType = folder.assetcatalog; path = "Preview Assets.xcassets"; sourceTree = "<group>"; };
		EFFD1EA52C87F42800F4669C /* ListView.swift */ = {isa = PBXFileReference; lastKnownFileType = sourcecode.swift; path = ListView.swift; sourceTree = "<group>"; };
		EFFD1EA72C87F58500F4669C /* ListRowView.swift */ = {isa = PBXFileReference; lastKnownFileType = sourcecode.swift; path = ListRowView.swift; sourceTree = "<group>"; };
		EFFD1EA92C87F7A900F4669C /* AddItemView.swift */ = {isa = PBXFileReference; lastKnownFileType = sourcecode.swift; path = AddItemView.swift; sourceTree = "<group>"; };
		EFFD1EAB2C87FD7200F4669C /* ItemModel.swift */ = {isa = PBXFileReference; lastKnownFileType = sourcecode.swift; path = ItemModel.swift; sourceTree = "<group>"; };
		EFFD1EAD2C8804CF00F4669C /* ListViewModel.swift */ = {isa = PBXFileReference; lastKnownFileType = sourcecode.swift; path = ListViewModel.swift; sourceTree = "<group>"; };
/* End PBXFileReference section */

/* Begin PBXFrameworksBuildPhase section */
		EFFD1E8E2C87F0AA00F4669C /* Frameworks */ = {
			isa = PBXFrameworksBuildPhase;
			buildActionMask = 2147483647;
			files = (
			);
			runOnlyForDeploymentPostprocessing = 0;
		};
/* End PBXFrameworksBuildPhase section */

/* Begin PBXGroup section */
		EFFD1E882C87F0AA00F4669C = {
			isa = PBXGroup;
			children = (
				EFFD1E932C87F0AA00F4669C /* Todo List App */,
				EFFD1E922C87F0AA00F4669C /* Products */,
			);
			sourceTree = "<group>";
		};
		EFFD1E922C87F0AA00F4669C /* Products */ = {
			isa = PBXGroup;
			children = (
				EFFD1E912C87F0AA00F4669C /* Todo List App.app */,
			);
			name = Products;
			sourceTree = "<group>";
		};
		EFFD1E932C87F0AA00F4669C /* Todo List App */ = {
			isa = PBXGroup;
			children = (
				EFA075CB2C8D58CA00D45FE4 /* Todo-List-App-Info.plist */,
				EFFD1EA42C87F3F100F4669C /* ModelView */,
				EFFD1EA22C87F3E600F4669C /* View */,
				EFFD1EA32C87F3EB00F4669C /* Model */,
				EFFD1E942C87F0AA00F4669C /* Todo_List_AppApp.swift */,
				EFFD1E982C87F0AB00F4669C /* Assets.xcassets */,
				EFFD1E9A2C87F0AB00F4669C /* Preview Content */,
			);
			path = "Todo List App";
			sourceTree = "<group>";
		};
		EFFD1E9A2C87F0AB00F4669C /* Preview Content */ = {
			isa = PBXGroup;
			children = (
				EFFD1E9B2C87F0AB00F4669C /* Preview Assets.xcassets */,
			);
			path = "Preview Content";
			sourceTree = "<group>";
		};
		EFFD1EA22C87F3E600F4669C /* View */ = {
			isa = PBXGroup;
			children = (
				EFFD1EA52C87F42800F4669C /* ListView.swift */,
				EFFD1EA72C87F58500F4669C /* ListRowView.swift */,
				EFFD1EA92C87F7A900F4669C /* AddItemView.swift */,
				EFA075C92C8D483800D45FE4 /* NoItemView.swift */,
				EFA075CE2C8D5C8500D45FE4 /* LaunchScreen.storyboard */,
			);
			path = View;
			sourceTree = "<group>";
		};
		EFFD1EA32C87F3EB00F4669C /* Model */ = {
			isa = PBXGroup;
			children = (
				EFFD1EAB2C87FD7200F4669C /* ItemModel.swift */,
			);
			path = Model;
			sourceTree = "<group>";
		};
		EFFD1EA42C87F3F100F4669C /* ModelView */ = {
			isa = PBXGroup;
			children = (
				EFFD1EAD2C8804CF00F4669C /* ListViewModel.swift */,
			);
			path = ModelView;
			sourceTree = "<group>";
		};
/* End PBXGroup section */

/* Begin PBXNativeTarget section */
		EFFD1E902C87F0AA00F4669C /* Todo List App */ = {
			isa = PBXNativeTarget;
			buildConfigurationList = EFFD1E9F2C87F0AB00F4669C /* Build configuration list for PBXNativeTarget "Todo List App" */;
			buildPhases = (
				EFFD1E8D2C87F0AA00F4669C /* Sources */,
				EFFD1E8E2C87F0AA00F4669C /* Frameworks */,
				EFFD1E8F2C87F0AA00F4669C /* Resources */,
			);
			buildRules = (
			);
			dependencies = (
			);
			name = "Todo List App";
			productName = "Todo List App";
			productReference = EFFD1E912C87F0AA00F4669C /* Todo List App.app */;
			productType = "com.apple.product-type.application";
		};
/* End PBXNativeTarget section */

/* Begin PBXProject section */
		EFFD1E892C87F0AA00F4669C /* Project object */ = {
			isa = PBXProject;
			attributes = {
				BuildIndependentTargetsInParallel = 1;
				LastSwiftUpdateCheck = 1530;
				LastUpgradeCheck = 1530;
				TargetAttributes = {
					EFFD1E902C87F0AA00F4669C = {
						CreatedOnToolsVersion = 15.3;
					};
				};
			};
			buildConfigurationList = EFFD1E8C2C87F0AA00F4669C /* Build configuration list for PBXProject "Todo List App" */;
			compatibilityVersion = "Xcode 14.0";
			developmentRegion = en;
			hasScannedForEncodings = 0;
			knownRegions = (
				en,
				Base,
			);
			mainGroup = EFFD1E882C87F0AA00F4669C;
			productRefGroup = EFFD1E922C87F0AA00F4669C /* Products */;
			projectDirPath = "";
			projectRoot = "";
			targets = (
				EFFD1E902C87F0AA00F4669C /* Todo List App */,
			);
		};
/* End PBXProject section */

/* Begin PBXResourcesBuildPhase section */
		EFFD1E8F2C87F0AA00F4669C /* Resources */ = {
			isa = PBXResourcesBuildPhase;
			buildActionMask = 2147483647;
			files = (
				EFA075CF2C8D5C8500D45FE4 /* LaunchScreen.storyboard in Resources */,
				EFFD1E9C2C87F0AB00F4669C /* Preview Assets.xcassets in Resources */,
				EFFD1E992C87F0AB00F4669C /* Assets.xcassets in Resources */,
			);
			runOnlyForDeploymentPostprocessing = 0;
		};
/* End PBXResourcesBuildPhase section */

/* Begin PBXSourcesBuildPhase section */
		EFFD1E8D2C87F0AA00F4669C /* Sources */ = {
			isa = PBXSourcesBuildPhase;
			buildActionMask = 2147483647;
			files = (
				EFFD1EAC2C87FD7200F4669C /* ItemModel.swift in Sources */,
				EFA075CA2C8D483800D45FE4 /* NoItemView.swift in Sources */,
				EFFD1EAE2C8804CF00F4669C /* ListViewModel.swift in Sources */,
				EFFD1EAA2C87F7A900F4669C /* AddItemView.swift in Sources */,
				EFFD1EA62C87F42800F4669C /* ListView.swift in Sources */,
				EFFD1E952C87F0AA00F4669C /* Todo_List_AppApp.swift in Sources */,
				EFFD1EA82C87F58500F4669C /* ListRowView.swift in Sources */,
			);
			runOnlyForDeploymentPostprocessing = 0;
		};
/* End PBXSourcesBuildPhase section */

/* Begin XCBuildConfiguration section */
		EFFD1E9D2C87F0AB00F4669C /* Debug */ = {
			isa = XCBuildConfiguration;
			buildSettings = {
				ALWAYS_SEARCH_USER_PATHS = NO;
				ASSETCATALOG_COMPILER_GENERATE_SWIFT_ASSET_SYMBOL_EXTENSIONS = YES;
				CLANG_ANALYZER_NONNULL = YES;
				CLANG_ANALYZER_NUMBER_OBJECT_CONVERSION = YES_AGGRESSIVE;
				CLANG_CXX_LANGUAGE_STANDARD = "gnu++20";
				CLANG_ENABLE_MODULES = YES;
				CLANG_ENABLE_OBJC_ARC = YES;
				CLANG_ENABLE_OBJC_WEAK = YES;
				CLANG_WARN_BLOCK_CAPTURE_AUTORELEASING = YES;
				CLANG_WARN_BOOL_CONVERSION = YES;
				CLANG_WARN_COMMA = YES;
				CLANG_WARN_CONSTANT_CONVERSION = YES;
				CLANG_WARN_DEPRECATED_OBJC_IMPLEMENTATIONS = YES;
				CLANG_WARN_DIRECT_OBJC_ISA_USAGE = YES_ERROR;
				CLANG_WARN_DOCUMENTATION_COMMENTS = YES;
				CLANG_WARN_EMPTY_BODY = YES;
				CLANG_WARN_ENUM_CONVERSION = YES;
				CLANG_WARN_INFINITE_RECURSION = YES;
				CLANG_WARN_INT_CONVERSION = YES;
				CLANG_WARN_NON_LITERAL_NULL_CONVERSION = YES;
				CLANG_WARN_OBJC_IMPLICIT_RETAIN_SELF = YES;
				CLANG_WARN_OBJC_LITERAL_CONVERSION = YES;
				CLANG_WARN_OBJC_ROOT_CLASS = YES_ERROR;
				CLANG_WARN_QUOTED_INCLUDE_IN_FRAMEWORK_HEADER = YES;
				CLANG_WARN_RANGE_LOOP_ANALYSIS = YES;
				CLANG_WARN_STRICT_PROTOTYPES = YES;
				CLANG_WARN_SUSPICIOUS_MOVE = YES;
				CLANG_WARN_UNGUARDED_AVAILABILITY = YES_AGGRESSIVE;
				CLANG_WARN_UNREACHABLE_CODE = YES;
				CLANG_WARN__DUPLICATE_METHOD_MATCH = YES;
				COPY_PHASE_STRIP = NO;
				DEBUG_INFORMATION_FORMAT = dwarf;
				ENABLE_STRICT_OBJC_MSGSEND = YES;
				ENABLE_TESTABILITY = YES;
				ENABLE_USER_SCRIPT_SANDBOXING = YES;
				GCC_C_LANGUAGE_STANDARD = gnu17;
				GCC_DYNAMIC_NO_PIC = NO;
				GCC_NO_COMMON_BLOCKS = YES;
				GCC_OPTIMIZATION_LEVEL = 0;
				GCC_PREPROCESSOR_DEFINITIONS = (
					"DEBUG=1",
					"$(inherited)",
				);
				GCC_WARN_64_TO_32_BIT_CONVERSION = YES;
				GCC_WARN_ABOUT_RETURN_TYPE = YES_ERROR;
				GCC_WARN_UNDECLARED_SELECTOR = YES;
				GCC_WARN_UNINITIALIZED_AUTOS = YES_AGGRESSIVE;
				GCC_WARN_UNUSED_FUNCTION = YES;
				GCC_WARN_UNUSED_VARIABLE = YES;
				INFOPLIST_KEY_UILaunchScreen_Generation = NO;
				IPHONEOS_DEPLOYMENT_TARGET = 17.4;
				LOCALIZATION_PREFERS_STRING_CATALOGS = YES;
				MTL_ENABLE_DEBUG_INFO = INCLUDE_SOURCE;
				MTL_FAST_MATH = YES;
				ONLY_ACTIVE_ARCH = YES;
				SDKROOT = iphoneos;
				SWIFT_ACTIVE_COMPILATION_CONDITIONS = "DEBUG $(inherited)";
				SWIFT_OPTIMIZATION_LEVEL = "-Onone";
			};
			name = Debug;
		};
		EFFD1E9E2C87F0AB00F4669C /* Release */ = {
			isa = XCBuildConfiguration;
			buildSettings = {
				ALWAYS_SEARCH_USER_PATHS = NO;
				ASSETCATALOG_COMPILER_GENERATE_SWIFT_ASSET_SYMBOL_EXTENSIONS = YES;
				CLANG_ANALYZER_NONNULL = YES;
				CLANG_ANALYZER_NUMBER_OBJECT_CONVERSION = YES_AGGRESSIVE;
				CLANG_CXX_LANGUAGE_STANDARD = "gnu++20";
				CLANG_ENABLE_MODULES = YES;
				CLANG_ENABLE_OBJC_ARC = YES;
				CLANG_ENABLE_OBJC_WEAK = YES;
				CLANG_WARN_BLOCK_CAPTURE_AUTORELEASING = YES;
				CLANG_WARN_BOOL_CONVERSION = YES;
				CLANG_WARN_COMMA = YES;
				CLANG_WARN_CONSTANT_CONVERSION = YES;
				CLANG_WARN_DEPRECATED_OBJC_IMPLEMENTATIONS = YES;
				CLANG_WARN_DIRECT_OBJC_ISA_USAGE = YES_ERROR;
				CLANG_WARN_DOCUMENTATION_COMMENTS = YES;
				CLANG_WARN_EMPTY_BODY = YES;
				CLANG_WARN_ENUM_CONVERSION = YES;
				CLANG_WARN_INFINITE_RECURSION = YES;
				CLANG_WARN_INT_CONVERSION = YES;
				CLANG_WARN_NON_LITERAL_NULL_CONVERSION = YES;
				CLANG_WARN_OBJC_IMPLICIT_RETAIN_SELF = YES;
				CLANG_WARN_OBJC_LITERAL_CONVERSION = YES;
				CLANG_WARN_OBJC_ROOT_CLASS = YES_ERROR;
				CLANG_WARN_QUOTED_INCLUDE_IN_FRAMEWORK_HEADER = YES;
				CLANG_WARN_RANGE_LOOP_ANALYSIS = YES;
				CLANG_WARN_STRICT_PROTOTYPES = YES;
				CLANG_WARN_SUSPICIOUS_MOVE = YES;
				CLANG_WARN_UNGUARDED_AVAILABILITY = YES_AGGRESSIVE;
				CLANG_WARN_UNREACHABLE_CODE = YES;
				CLANG_WARN__DUPLICATE_METHOD_MATCH = YES;
				COPY_PHASE_STRIP = NO;
				DEBUG_INFORMATION_FORMAT = "dwarf-with-dsym";
				ENABLE_NS_ASSERTIONS = NO;
				ENABLE_STRICT_OBJC_MSGSEND = YES;
				ENABLE_USER_SCRIPT_SANDBOXING = YES;
				GCC_C_LANGUAGE_STANDARD = gnu17;
				GCC_NO_COMMON_BLOCKS = YES;
				GCC_WARN_64_TO_32_BIT_CONVERSION = YES;
				GCC_WARN_ABOUT_RETURN_TYPE = YES_ERROR;
				GCC_WARN_UNDECLARED_SELECTOR = YES;
				GCC_WARN_UNINITIALIZED_AUTOS = YES_AGGRESSIVE;
				GCC_WARN_UNUSED_FUNCTION = YES;
				GCC_WARN_UNUSED_VARIABLE = YES;
				INFOPLIST_KEY_UILaunchScreen_Generation = NO;
				IPHONEOS_DEPLOYMENT_TARGET = 17.4;
				LOCALIZATION_PREFERS_STRING_CATALOGS = YES;
				MTL_ENABLE_DEBUG_INFO = NO;
				MTL_FAST_MATH = YES;
				SDKROOT = iphoneos;
				SWIFT_COMPILATION_MODE = wholemodule;
				VALIDATE_PRODUCT = YES;
			};
			name = Release;
		};
		EFFD1EA02C87F0AB00F4669C /* Debug */ = {
			isa = XCBuildConfiguration;
			buildSettings = {
				ASSETCATALOG_COMPILER_APPICON_NAME = AppIcon;
				ASSETCATALOG_COMPILER_GLOBAL_ACCENT_COLOR_NAME = AccentColor;
				CODE_SIGN_STYLE = Automatic;
				CURRENT_PROJECT_VERSION = 1;
				DEVELOPMENT_ASSET_PATHS = "\"Todo List App/Preview Content\"";
				DEVELOPMENT_TEAM = 2K5S6NG9ZD;
				ENABLE_PREVIEWS = YES;
				GENERATE_INFOPLIST_FILE = YES;
				INFOPLIST_FILE = "Todo-List-App-Info.plist";
				INFOPLIST_KEY_CFBundleDisplayName = "To Do App";
				INFOPLIST_KEY_UIApplicationSceneManifest_Generation = YES;
				INFOPLIST_KEY_UIApplicationSupportsIndirectInputEvents = YES;
				INFOPLIST_KEY_UILaunchStoryboardName = LaunchScreen.storyboard;
				INFOPLIST_KEY_UISupportedInterfaceOrientations = UIInterfaceOrientationPortrait;
				LD_RUNPATH_SEARCH_PATHS = (
					"$(inherited)",
					"@executable_path/Frameworks",
				);
				MARKETING_VERSION = 1.0;
				PRODUCT_BUNDLE_IDENTIFIER = "com.Todo-List-App";
				PRODUCT_NAME = "$(TARGET_NAME)";
				SWIFT_EMIT_LOC_STRINGS = YES;
				SWIFT_VERSION = 5.0;
				TARGETED_DEVICE_FAMILY = "1,2";
			};
			name = Debug;
		};
		EFFD1EA12C87F0AB00F4669C /* Release */ = {
			isa = XCBuildConfiguration;
			buildSettings = {
				ASSETCATALOG_COMPILER_APPICON_NAME = AppIcon;
				ASSETCATALOG_COMPILER_GLOBAL_ACCENT_COLOR_NAME = AccentColor;
				CODE_SIGN_STYLE = Automatic;
				CURRENT_PROJECT_VERSION = 1;
				DEVELOPMENT_ASSET_PATHS = "\"Todo List App/Preview Content\"";
				DEVELOPMENT_TEAM = 2K5S6NG9ZD;
				ENABLE_PREVIEWS = YES;
				GENERATE_INFOPLIST_FILE = YES;
				INFOPLIST_FILE = "Todo-List-App-Info.plist";
				INFOPLIST_KEY_CFBundleDisplayName = "To Do App";
				INFOPLIST_KEY_UIApplicationSceneManifest_Generation = YES;
				INFOPLIST_KEY_UIApplicationSupportsIndirectInputEvents = YES;
				INFOPLIST_KEY_UILaunchStoryboardName = LaunchScreen.storyboard;
				INFOPLIST_KEY_UISupportedInterfaceOrientations = UIInterfaceOrientationPortrait;
				LD_RUNPATH_SEARCH_PATHS = (
					"$(inherited)",
					"@executable_path/Frameworks",
				);
				MARKETING_VERSION = 1.0;
				PRODUCT_BUNDLE_IDENTIFIER = "com.Todo-List-App";
				PRODUCT_NAME = "$(TARGET_NAME)";
				SWIFT_EMIT_LOC_STRINGS = YES;
				SWIFT_VERSION = 5.0;
				TARGETED_DEVICE_FAMILY = "1,2";
			};
			name = Release;
		};
/* End XCBuildConfiguration section */

/* Begin XCConfigurationList section */
		EFFD1E8C2C87F0AA00F4669C /* Build configuration list for PBXProject "Todo List App" */ = {
			isa = XCConfigurationList;
			buildConfigurations = (
				EFFD1E9D2C87F0AB00F4669C /* Debug */,
				EFFD1E9E2C87F0AB00F4669C /* Release */,
			);
			defaultConfigurationIsVisible = 0;
			defaultConfigurationName = Release;
		};
		EFFD1E9F2C87F0AB00F4669C /* Build configuration list for PBXNativeTarget "Todo List App" */ = {
			isa = XCConfigurationList;
			buildConfigurations = (
				EFFD1EA02C87F0AB00F4669C /* Debug */,
				EFFD1EA12C87F0AB00F4669C /* Release */,
			);
			defaultConfigurationIsVisible = 0;
			defaultConfigurationName = Release;
		};
/* End XCConfigurationList section */
	};
	rootObject = EFFD1E892C87F0AA00F4669C /* Project object */;
}
